
Microsoft Visual Studio Solution File, Format Version 12.00
# Visual Studio Version 16
VisualStudioVersion = 16.0.28407.52
MinimumVisualStudioVersion = 10.0.40219.1
Project("{9A19103F-16F7-4668-BE54-9A1E7A4F7556}") = "NosCoreBot", "NosCoreBot.csproj", "{94D11B43-9A8D-4F01-9CD8-3A895AECA2F7}"
EndProject
Global
	GlobalSection(SolutionConfigurationPlatforms) = preSolution
		Debug|Any CPU = Debug|Any CPU
		Release|Any CPU = Release|Any CPU
	EndGlobalSection
	GlobalSection(ProjectConfigurationPlatforms) = postSolution
		{94D11B43-9A8D-4F01-9CD8-3A895AECA2F7}.Debug|Any CPU.ActiveCfg = Debug|Any CPU
		{94D11B43-9A8D-4F01-9CD8-3A895AECA2F7}.Debug|Any CPU.Build.0 = Debug|Any CPU
		{94D11B43-9A8D-4F01-9CD8-3A895AECA2F7}.Release|Any CPU.ActiveCfg = Release|Any CPU
		{94D11B43-9A8D-4F01-9CD8-3A895AECA2F7}.Release|Any CPU.Build.0 = Release|Any CPU
	EndGlobalSection
	GlobalSection(SolutionProperties) = preSolution
		HideSolutionNode = FALSE
	EndGlobalSection
	GlobalSection(ExtensibilityGlobals) = postSolution
		SolutionGuid = {3B150725-D5C5-4BE7-BD02-A20250056988}
	EndGlobalSection
EndGlobal
